
Microsoft Visual Studio Solution File, Format Version 12.00
# Visual Studio Version 17
VisualStudioVersion = 17.5.002.0
MinimumVisualStudioVersion = 10.0.40219.1
Project("{2150E333-8FDC-42A3-9474-1A3956D46DE8}") = "csharp-prep", "csharp-prep", "{717A0049-7795-4139-9972-BF8CF1E76404}"
EndProject
Project("{9A19103F-16F7-4668-BE54-9A1E7A4F7556}") = "Prep1", "csharp-prep\Prep1\Prep1.csproj", "{FDD9F032-FF19-46FB-B48C-B0D78E17359C}"
EndProject
Project("{9A19103F-16F7-4668-BE54-9A1E7A4F7556}") = "Prep2", "csharp-prep\Prep2\Prep2.csproj", "{811321DA-BADA-4BED-A738-CF3911464D70}"
EndProject
Project("{9A19103F-16F7-4668-BE54-9A1E7A4F7556}") = "Prep3", "csharp-prep\Prep3\Prep3.csproj", "{0FBF9307-93AB-480A-ABF1-52AF8DBA7280}"
EndProject
Project("{9A19103F-16F7-4668-BE54-9A1E7A4F7556}") = "Prep4", "csharp-prep\Prep4\Prep4.csproj", "{CC143DE2-7626-4CC9-B098-6EB9554F4BBD}"
EndProject
Project("{9A19103F-16F7-4668-BE54-9A1E7A4F7556}") = "Prep5", "csharp-prep\Prep5\Prep5.csproj", "{85FA20AA-9052-41A8-AB15-430902C69F1E}"
EndProject
Project("{2150E333-8FDC-42A3-9474-1A3956D46DE8}") = "final", "final", "{E45AA6FE-5016-4CA2-9192-6EBB1BA393A6}"
EndProject
Project("{9A19103F-16F7-4668-BE54-9A1E7A4F7556}") = "FinalProject", "final\FinalProject\FinalProject.csproj", "{FE892C69-37B1-4D6E-93EF-4B2DFC7ED466}"
EndProject
Project("{9A19103F-16F7-4668-BE54-9A1E7A4F7556}") = "Foundation1", "final\Foundation1\Foundation1.csproj", "{1DF176D5-11F2-41B6-AE68-ABB052554C95}"
EndProject
Project("{9A19103F-16F7-4668-BE54-9A1E7A4F7556}") = "Foundation2", "final\Foundation2\Foundation2.csproj", "{C541C210-1FEB-40C9-BF37-BCDBBF00A4CA}"
EndProject
Project("{9A19103F-16F7-4668-BE54-9A1E7A4F7556}") = "Foundation3", "final\Foundation3\Foundation3.csproj", "{05EEC8C7-9D15-4772-BF45-9D2BA69F3329}"
EndProject
Project("{9A19103F-16F7-4668-BE54-9A1E7A4F7556}") = "Foundation4", "final\Foundation4\Foundation4.csproj", "{2A066F3E-6F0E-4995-B01E-D41924B1B296}"
EndProject
Project("{2150E333-8FDC-42A3-9474-1A3956D46DE8}") = "prepare", "prepare", "{5F18F108-BA38-4C36-A55F-B9898A99A5CC}"
EndProject
Project("{9A19103F-16F7-4668-BE54-9A1E7A4F7556}") = "Learning02", "prepare\Learning02\Learning02.csproj", "{BE6B824F-068B-4657-AD02-D7417C5761E4}"
EndProject
Project("{9A19103F-16F7-4668-BE54-9A1E7A4F7556}") = "Learning03", "prepare\Learning03\Learning03.csproj", "{2D6724BE-D137-4555-A12B-1811B2040E18}"
EndProject
Project("{9A19103F-16F7-4668-BE54-9A1E7A4F7556}") = "Learning04", "prepare\Learning04\Learning04.csproj", "{83D947B0-9CC6-4CCE-9A3B-7554D6C428FE}"
EndProject
Project("{9A19103F-16F7-4668-BE54-9A1E7A4F7556}") = "Learning05", "prepare\Learning05\Learning05.csproj", "{3769509A-0252-41EC-8822-C76357475B7E}"
EndProject
Project("{2150E333-8FDC-42A3-9474-1A3956D46DE8}") = "prove", "prove", "{3768E775-669E-40C1-935C-6D91DD88D9E1}"
EndProject
Project("{9A19103F-16F7-4668-BE54-9A1E7A4F7556}") = "Develop02", "prove\Develop02\Develop02.csproj", "{9E122AD8-6EF6-4A67-B626-67C55FCFD096}"
EndProject
Project("{9A19103F-16F7-4668-BE54-9A1E7A4F7556}") = "Develop03", "prove\Develop03\Develop03.csproj", "{1B1FB3EB-3C9F-42D2-BE5A-EE90365904EB}"
EndProject
Project("{9A19103F-16F7-4668-BE54-9A1E7A4F7556}") = "Develop04", "prove\Develop04\Develop04.csproj", "{F3CFF872-B952-4B2C-92C8-EF7455B21BD7}"
EndProject
Project("{9A19103F-16F7-4668-BE54-9A1E7A4F7556}") = "Develop05", "prove\Develop05\Develop05.csproj", "{F2A8DC6D-7ACB-4F3B-AF9D-A1CF26AE1A70}"
EndProject
Project("{2150E333-8FDC-42A3-9474-1A3956D46DE8}") = "sandbox", "sandbox", "{0E092771-D251-4045-B1FF-934E1C9B2ADA}"
EndProject
Project("{9A19103F-16F7-4668-BE54-9A1E7A4F7556}") = "Sandbox", "sandbox\Sandbox\Sandbox.csproj", "{C1B53F34-007F-4FD5-A5F8-642270B86537}"
EndProject
Global
	GlobalSection(SolutionConfigurationPlatforms) = preSolution
		Debug|Any CPU = Debug|Any CPU
		Release|Any CPU = Release|Any CPU
	EndGlobalSection
	GlobalSection(ProjectConfigurationPlatforms) = postSolution
		{FDD9F032-FF19-46FB-B48C-B0D78E17359C}.Debug|Any CPU.ActiveCfg = Debug|Any CPU
		{FDD9F032-FF19-46FB-B48C-B0D78E17359C}.Debug|Any CPU.Build.0 = Debug|Any CPU
		{FDD9F032-FF19-46FB-B48C-B0D78E17359C}.Release|Any CPU.ActiveCfg = Release|Any CPU
		{FDD9F032-FF19-46FB-B48C-B0D78E17359C}.Release|Any CPU.Build.0 = Release|Any CPU
		{811321DA-BADA-4BED-A738-CF3911464D70}.Debug|Any CPU.ActiveCfg = Debug|Any CPU
		{811321DA-BADA-4BED-A738-CF3911464D70}.Debug|Any CPU.Build.0 = Debug|Any CPU
		{811321DA-BADA-4BED-A738-CF3911464D70}.Release|Any CPU.ActiveCfg = Release|Any CPU
		{811321DA-BADA-4BED-A738-CF3911464D70}.Release|Any CPU.Build.0 = Release|Any CPU
		{0FBF9307-93AB-480A-ABF1-52AF8DBA7280}.Debug|Any CPU.ActiveCfg = Debug|Any CPU
		{0FBF9307-93AB-480A-ABF1-52AF8DBA7280}.Debug|Any CPU.Build.0 = Debug|Any CPU
		{0FBF9307-93AB-480A-ABF1-52AF8DBA7280}.Release|Any CPU.ActiveCfg = Release|Any CPU
		{0FBF9307-93AB-480A-ABF1-52AF8DBA7280}.Release|Any CPU.Build.0 = Release|Any CPU
		{CC143DE2-7626-4CC9-B098-6EB9554F4BBD}.Debug|Any CPU.ActiveCfg = Debug|Any CPU
		{CC143DE2-7626-4CC9-B098-6EB9554F4BBD}.Debug|Any CPU.Build.0 = Debug|Any CPU
		{CC143DE2-7626-4CC9-B098-6EB9554F4BBD}.Release|Any CPU.ActiveCfg = Release|Any CPU
		{CC143DE2-7626-4CC9-B098-6EB9554F4BBD}.Release|Any CPU.Build.0 = Release|Any CPU
		{85FA20AA-9052-41A8-AB15-430902C69F1E}.Debug|Any CPU.ActiveCfg = Debug|Any CPU
		{85FA20AA-9052-41A8-AB15-430902C69F1E}.Debug|Any CPU.Build.0 = Debug|Any CPU
		{85FA20AA-9052-41A8-AB15-430902C69F1E}.Release|Any CPU.ActiveCfg = Release|Any CPU
		{85FA20AA-9052-41A8-AB15-430902C69F1E}.Release|Any CPU.Build.0 = Release|Any CPU
		{FE892C69-37B1-4D6E-93EF-4B2DFC7ED466}.Debug|Any CPU.ActiveCfg = Debug|Any CPU
		{FE892C69-37B1-4D6E-93EF-4B2DFC7ED466}.Debug|Any CPU.Build.0 = Debug|Any CPU
		{FE892C69-37B1-4D6E-93EF-4B2DFC7ED466}.Release|Any CPU.ActiveCfg = Release|Any CPU
		{FE892C69-37B1-4D6E-93EF-4B2DFC7ED466}.Release|Any CPU.Build.0 = Release|Any CPU
		{1DF176D5-11F2-41B6-AE68-ABB052554C95}.Debug|Any CPU.ActiveCfg = Debug|Any CPU
		{1DF176D5-11F2-41B6-AE68-ABB052554C95}.Debug|Any CPU.Build.0 = Debug|Any CPU
		{1DF176D5-11F2-41B6-AE68-ABB052554C95}.Release|Any CPU.ActiveCfg = Release|Any CPU
		{1DF176D5-11F2-41B6-AE68-ABB052554C95}.Release|Any CPU.Build.0 = Release|Any CPU
		{C541C210-1FEB-40C9-BF37-BCDBBF00A4CA}.Debug|Any CPU.ActiveCfg = Debug|Any CPU
		{C541C210-1FEB-40C9-BF37-BCDBBF00A4CA}.Debug|Any CPU.Build.0 = Debug|Any CPU
		{C541C210-1FEB-40C9-BF37-BCDBBF00A4CA}.Release|Any CPU.ActiveCfg = Release|Any CPU
		{C541C210-1FEB-40C9-BF37-BCDBBF00A4CA}.Release|Any CPU.Build.0 = Release|Any CPU
		{05EEC8C7-9D15-4772-BF45-9D2BA69F3329}.Debug|Any CPU.ActiveCfg = Debug|Any CPU
		{05EEC8C7-9D15-4772-BF45-9D2BA69F3329}.Debug|Any CPU.Build.0 = Debug|Any CPU
		{05EEC8C7-9D15-4772-BF45-9D2BA69F3329}.Release|Any CPU.ActiveCfg = Release|Any CPU
		{05EEC8C7-9D15-4772-BF45-9D2BA69F3329}.Release|Any CPU.Build.0 = Release|Any CPU
		{2A066F3E-6F0E-4995-B01E-D41924B1B296}.Debug|Any CPU.ActiveCfg = Debug|Any CPU
		{2A066F3E-6F0E-4995-B01E-D41924B1B296}.Debug|Any CPU.Build.0 = Debug|Any CPU
		{2A066F3E-6F0E-4995-B01E-D41924B1B296}.Release|Any CPU.ActiveCfg = Release|Any CPU
		{2A066F3E-6F0E-4995-B01E-D41924B1B296}.Release|Any CPU.Build.0 = Release|Any CPU
		{BE6B824F-068B-4657-AD02-D7417C5761E4}.Debug|Any CPU.ActiveCfg = Debug|Any CPU
		{BE6B824F-068B-4657-AD02-D7417C5761E4}.Debug|Any CPU.Build.0 = Debug|Any CPU
		{BE6B824F-068B-4657-AD02-D7417C5761E4}.Release|Any CPU.ActiveCfg = Release|Any CPU
		{BE6B824F-068B-4657-AD02-D7417C5761E4}.Release|Any CPU.Build.0 = Release|Any CPU
		{2D6724BE-D137-4555-A12B-1811B2040E18}.Debug|Any CPU.ActiveCfg = Debug|Any CPU
		{2D6724BE-D137-4555-A12B-1811B2040E18}.Debug|Any CPU.Build.0 = Debug|Any CPU
		{2D6724BE-D137-4555-A12B-1811B2040E18}.Release|Any CPU.ActiveCfg = Release|Any CPU
		{2D6724BE-D137-4555-A12B-1811B2040E18}.Release|Any CPU.Build.0 = Release|Any CPU
		{83D947B0-9CC6-4CCE-9A3B-7554D6C428FE}.Debug|Any CPU.ActiveCfg = Debug|Any CPU
		{83D947B0-9CC6-4CCE-9A3B-7554D6C428FE}.Debug|Any CPU.Build.0 = Debug|Any CPU
		{83D947B0-9CC6-4CCE-9A3B-7554D6C428FE}.Release|Any CPU.ActiveCfg = Release|Any CPU
		{83D947B0-9CC6-4CCE-9A3B-7554D6C428FE}.Release|Any CPU.Build.0 = Release|Any CPU
		{3769509A-0252-41EC-8822-C76357475B7E}.Debug|Any CPU.ActiveCfg = Debug|Any CPU
		{3769509A-0252-41EC-8822-C76357475B7E}.Debug|Any CPU.Build.0 = Debug|Any CPU
		{3769509A-0252-41EC-8822-C76357475B7E}.Release|Any CPU.ActiveCfg = Release|Any CPU
		{3769509A-0252-41EC-8822-C76357475B7E}.Release|Any CPU.Build.0 = Release|Any CPU
		{9E122AD8-6EF6-4A67-B626-67C55FCFD096}.Debug|Any CPU.ActiveCfg = Debug|Any CPU
		{9E122AD8-6EF6-4A67-B626-67C55FCFD096}.Debug|Any CPU.Build.0 = Debug|Any CPU
		{9E122AD8-6EF6-4A67-B626-67C55FCFD096}.Release|Any CPU.ActiveCfg = Release|Any CPU
		{9E122AD8-6EF6-4A67-B626-67C55FCFD096}.Release|Any CPU.Build.0 = Release|Any CPU
		{1B1FB3EB-3C9F-42D2-BE5A-EE90365904EB}.Debug|Any CPU.ActiveCfg = Debug|Any CPU
		{1B1FB3EB-3C9F-42D2-BE5A-EE90365904EB}.Debug|Any CPU.Build.0 = Debug|Any CPU
		{1B1FB3EB-3C9F-42D2-BE5A-EE90365904EB}.Release|Any CPU.ActiveCfg = Release|Any CPU
		{1B1FB3EB-3C9F-42D2-BE5A-EE90365904EB}.Release|Any CPU.Build.0 = Release|Any CPU
		{F3CFF872-B952-4B2C-92C8-EF7455B21BD7}.Debug|Any CPU.ActiveCfg = Debug|Any CPU
		{F3CFF872-B952-4B2C-92C8-EF7455B21BD7}.Debug|Any CPU.Build.0 = Debug|Any CPU
		{F3CFF872-B952-4B2C-92C8-EF7455B21BD7}.Release|Any CPU.ActiveCfg = Release|Any CPU
		{F3CFF872-B952-4B2C-92C8-EF7455B21BD7}.Release|Any CPU.Build.0 = Release|Any CPU
		{F2A8DC6D-7ACB-4F3B-AF9D-A1CF26AE1A70}.Debug|Any CPU.ActiveCfg = Debug|Any CPU
		{F2A8DC6D-7ACB-4F3B-AF9D-A1CF26AE1A70}.Debug|Any CPU.Build.0 = Debug|Any CPU
		{F2A8DC6D-7ACB-4F3B-AF9D-A1CF26AE1A70}.Release|Any CPU.ActiveCfg = Release|Any CPU
		{F2A8DC6D-7ACB-4F3B-AF9D-A1CF26AE1A70}.Release|Any CPU.Build.0 = Release|Any CPU
		{C1B53F34-007F-4FD5-A5F8-642270B86537}.Debug|Any CPU.ActiveCfg = Debug|Any CPU
		{C1B53F34-007F-4FD5-A5F8-642270B86537}.Debug|Any CPU.Build.0 = Debug|Any CPU
		{C1B53F34-007F-4FD5-A5F8-642270B86537}.Release|Any CPU.ActiveCfg = Release|Any CPU
		{C1B53F34-007F-4FD5-A5F8-642270B86537}.Release|Any CPU.Build.0 = Release|Any CPU
	EndGlobalSection
	GlobalSection(SolutionProperties) = preSolution
		HideSolutionNode = FALSE
	EndGlobalSection
	GlobalSection(NestedProjects) = preSolution
		{FDD9F032-FF19-46FB-B48C-B0D78E17359C} = {717A0049-7795-4139-9972-BF8CF1E76404}
		{811321DA-BADA-4BED-A738-CF3911464D70} = {717A0049-7795-4139-9972-BF8CF1E76404}
		{0FBF9307-93AB-480A-ABF1-52AF8DBA7280} = {717A0049-7795-4139-9972-BF8CF1E76404}
		{CC143DE2-7626-4CC9-B098-6EB9554F4BBD} = {717A0049-7795-4139-9972-BF8CF1E76404}
		{85FA20AA-9052-41A8-AB15-430902C69F1E} = {717A0049-7795-4139-9972-BF8CF1E76404}
		{FE892C69-37B1-4D6E-93EF-4B2DFC7ED466} = {E45AA6FE-5016-4CA2-9192-6EBB1BA393A6}
		{1DF176D5-11F2-41B6-AE68-ABB052554C95} = {E45AA6FE-5016-4CA2-9192-6EBB1BA393A6}
		{C541C210-1FEB-40C9-BF37-BCDBBF00A4CA} = {E45AA6FE-5016-4CA2-9192-6EBB1BA393A6}
		{05EEC8C7-9D15-4772-BF45-9D2BA69F3329} = {E45AA6FE-5016-4CA2-9192-6EBB1BA393A6}
		{2A066F3E-6F0E-4995-B01E-D41924B1B296} = {E45AA6FE-5016-4CA2-9192-6EBB1BA393A6}
		{BE6B824F-068B-4657-AD02-D7417C5761E4} = {5F18F108-BA38-4C36-A55F-B9898A99A5CC}
		{2D6724BE-D137-4555-A12B-1811B2040E18} = {5F18F108-BA38-4C36-A55F-B9898A99A5CC}
		{83D947B0-9CC6-4CCE-9A3B-7554D6C428FE} = {5F18F108-BA38-4C36-A55F-B9898A99A5CC}
		{3769509A-0252-41EC-8822-C76357475B7E} = {5F18F108-BA38-4C36-A55F-B9898A99A5CC}
		{9E122AD8-6EF6-4A67-B626-67C55FCFD096} = {3768E775-669E-40C1-935C-6D91DD88D9E1}
		{1B1FB3EB-3C9F-42D2-BE5A-EE90365904EB} = {3768E775-669E-40C1-935C-6D91DD88D9E1}
		{F3CFF872-B952-4B2C-92C8-EF7455B21BD7} = {3768E775-669E-40C1-935C-6D91DD88D9E1}
		{F2A8DC6D-7ACB-4F3B-AF9D-A1CF26AE1A70} = {3768E775-669E-40C1-935C-6D91DD88D9E1}
		{C1B53F34-007F-4FD5-A5F8-642270B86537} = {0E092771-D251-4045-B1FF-934E1C9B2ADA}
	EndGlobalSection
	GlobalSection(ExtensibilityGlobals) = postSolution
		SolutionGuid = {0EF09B5B-0F68-4003-ACBE-DAE2961FCF2D}
	EndGlobalSection
EndGlobal
